{
  "name": "create-repack-app",
  "version": "1.0.0",
  "lockfileVersion": 1,
  "requires": true,
  "dependencies": {
    "desandro-matches-selector": {
      "version": "2.0.2",
      "resolved": "https://registry.npmjs.org/desandro-matches-selector/-/desandro-matches-selector-2.0.2.tgz",
      "integrity": "sha1-cXvu1NwT59jzdi9wem1YpndCGOE="
    },
    "ev-emitter": {
      "version": "1.1.1",
      "resolved": "https://registry.npmjs.org/ev-emitter/-/ev-emitter-1.1.1.tgz",
      "integrity": "sha512-ipiDYhdQSCZ4hSbX4rMW+XzNKMD1prg/sTvoVmSLkuQ1MVlwjJQQA+sW8tMYR3BLUr9KjodFV4pvzunvRhd33Q=="
    },
    "fizzy-ui-utils": {
      "version": "2.0.5",
      "resolved": "https://registry.npmjs.org/fizzy-ui-utils/-/fizzy-ui-utils-2.0.5.tgz",
      "integrity": "sha1-1y3rx00snSctvLt7ABcHiX9sMhA=",
      "requires": {
        "desandro-matches-selector": "2.0.2"
      }
    },
    "infinite-scroll": {
      "version": "3.0.2",
      "resolved": "https://registry.npmjs.org/infinite-scroll/-/infinite-scroll-3.0.2.tgz",
      "integrity": "sha512-J+nWzcmp/EZpjwvngwuYEJKb0+pPp+0swBMoRBX/WPX9Hg8r3XOYhQGbms2VmJMGixyEMX3Upb/yct8e3G10YQ==",
      "requires": {
        "ev-emitter": "1.1.1",
        "fizzy-ui-utils": "2.0.5"
      }
    }
  }
}
